// !$*UTF8*$!
{
	archiveVersion = 1;
	classes = {
	};
	objectVersion = 48;
	objects = {

/* Begin PBXBuildFile section */
		97261E0620716DAD00316F52 /* PlayerStatsVC.swift in Sources */ = {isa = PBXBuildFile; fileRef = 97261E0520716DAD00316F52 /* PlayerStatsVC.swift */; };
		97261E0820716E9C00316F52 /* TeamStatsVC.swift in Sources */ = {isa = PBXBuildFile; fileRef = 97261E0720716E9C00316F52 /* TeamStatsVC.swift */; };
		972E167D206468FE001B27EE /* AdvStats.swift in Sources */ = {isa = PBXBuildFile; fileRef = 972E167C206468FE001B27EE /* AdvStats.swift */; };
		9731443F2066E2E400D357AE /* League.swift in Sources */ = {isa = PBXBuildFile; fileRef = 9731443E2066E2E400D357AE /* League.swift */; };
		9744370E2050ACB6008BE29A /* AppDelegate.swift in Sources */ = {isa = PBXBuildFile; fileRef = 9744370D2050ACB6008BE29A /* AppDelegate.swift */; };
		974437102050ACB6008BE29A /* MainVC.swift in Sources */ = {isa = PBXBuildFile; fileRef = 9744370F2050ACB6008BE29A /* MainVC.swift */; };
		974437132050ACB6008BE29A /* Main.storyboard in Resources */ = {isa = PBXBuildFile; fileRef = 974437112050ACB6008BE29A /* Main.storyboard */; };
		974437152050ACB6008BE29A /* Assets.xcassets in Resources */ = {isa = PBXBuildFile; fileRef = 974437142050ACB6008BE29A /* Assets.xcassets */; };
		974437182050ACB6008BE29A /* LaunchScreen.storyboard in Resources */ = {isa = PBXBuildFile; fileRef = 974437162050ACB6008BE29A /* LaunchScreen.storyboard */; };
		974437242054A9B1008BE29A /* Constants.swift in Sources */ = {isa = PBXBuildFile; fileRef = 974437232054A9B1008BE29A /* Constants.swift */; };
		974437272054E930008BE29A /* WebService.swift in Sources */ = {isa = PBXBuildFile; fileRef = 974437262054E930008BE29A /* WebService.swift */; };
		97A6B7AF205B7DCB00EA31E7 /* Player.swift in Sources */ = {isa = PBXBuildFile; fileRef = 97A6B7AE205B7DCB00EA31E7 /* Player.swift */; };
		97A6B7B1205B7DEE00EA31E7 /* Team.swift in Sources */ = {isa = PBXBuildFile; fileRef = 97A6B7B0205B7DEE00EA31E7 /* Team.swift */; };
		97A6B7B3205C7B6E00EA31E7 /* TradStats.swift in Sources */ = {isa = PBXBuildFile; fileRef = 97A6B7B2205C7B6E00EA31E7 /* TradStats.swift */; };
		ABD77877328B2C0B9F1C3DE8 /* Pods_AreTheyGoodNBA.framework in Frameworks */ = {isa = PBXBuildFile; fileRef = B5F0F16AEAC2983148A95498 /* Pods_AreTheyGoodNBA.framework */; };
/* End PBXBuildFile section */

/* Begin PBXFileReference section */
		868531CF5E24C016E5C0A889 /* Pods-AreTheyGoodNBA.release.xcconfig */ = {isa = PBXFileReference; includeInIndex = 1; lastKnownFileType = text.xcconfig; name = "Pods-AreTheyGoodNBA.release.xcconfig"; path = "Pods/Target Support Files/Pods-AreTheyGoodNBA/Pods-AreTheyGoodNBA.release.xcconfig"; sourceTree = "<group>"; };
		97261E0520716DAD00316F52 /* PlayerStatsVC.swift */ = {isa = PBXFileReference; lastKnownFileType = sourcecode.swift; path = PlayerStatsVC.swift; sourceTree = "<group>"; };
		97261E0720716E9C00316F52 /* TeamStatsVC.swift */ = {isa = PBXFileReference; lastKnownFileType = sourcecode.swift; path = TeamStatsVC.swift; sourceTree = "<group>"; };
		972E167C206468FE001B27EE /* AdvStats.swift */ = {isa = PBXFileReference; lastKnownFileType = sourcecode.swift; path = AdvStats.swift; sourceTree = "<group>"; };
		9731443E2066E2E400D357AE /* League.swift */ = {isa = PBXFileReference; lastKnownFileType = sourcecode.swift; path = League.swift; sourceTree = "<group>"; };
		9744370A2050ACB6008BE29A /* AreTheyGoodNBA.app */ = {isa = PBXFileReference; explicitFileType = wrapper.application; includeInIndex = 0; path = AreTheyGoodNBA.app; sourceTree = BUILT_PRODUCTS_DIR; };
		9744370D2050ACB6008BE29A /* AppDelegate.swift */ = {isa = PBXFileReference; lastKnownFileType = sourcecode.swift; path = AppDelegate.swift; sourceTree = "<group>"; };
		9744370F2050ACB6008BE29A /* MainVC.swift */ = {isa = PBXFileReference; lastKnownFileType = sourcecode.swift; path = MainVC.swift; sourceTree = "<group>"; };
		974437122050ACB6008BE29A /* Base */ = {isa = PBXFileReference; lastKnownFileType = file.storyboard; name = Base; path = Base.lproj/Main.storyboard; sourceTree = "<group>"; };
		974437142050ACB6008BE29A /* Assets.xcassets */ = {isa = PBXFileReference; lastKnownFileType = folder.assetcatalog; path = Assets.xcassets; sourceTree = "<group>"; };
		974437172050ACB6008BE29A /* Base */ = {isa = PBXFileReference; lastKnownFileType = file.storyboard; name = Base; path = Base.lproj/LaunchScreen.storyboard; sourceTree = "<group>"; };
		974437192050ACB6008BE29A /* Info.plist */ = {isa = PBXFileReference; lastKnownFileType = text.plist.xml; path = Info.plist; sourceTree = "<group>"; };
		974437232054A9B1008BE29A /* Constants.swift */ = {isa = PBXFileReference; lastKnownFileType = sourcecode.swift; path = Constants.swift; sourceTree = "<group>"; };
		974437262054E930008BE29A /* WebService.swift */ = {isa = PBXFileReference; lastKnownFileType = sourcecode.swift; path = WebService.swift; sourceTree = "<group>"; };
		97A6B7AE205B7DCB00EA31E7 /* Player.swift */ = {isa = PBXFileReference; lastKnownFileType = sourcecode.swift; path = Player.swift; sourceTree = "<group>"; };
		97A6B7B0205B7DEE00EA31E7 /* Team.swift */ = {isa = PBXFileReference; lastKnownFileType = sourcecode.swift; path = Team.swift; sourceTree = "<group>"; };
		97A6B7B2205C7B6E00EA31E7 /* TradStats.swift */ = {isa = PBXFileReference; lastKnownFileType = sourcecode.swift; path = TradStats.swift; sourceTree = "<group>"; };
		B5F0F16AEAC2983148A95498 /* Pods_AreTheyGoodNBA.framework */ = {isa = PBXFileReference; explicitFileType = wrapper.framework; includeInIndex = 0; path = Pods_AreTheyGoodNBA.framework; sourceTree = BUILT_PRODUCTS_DIR; };
		CE67E05E0859F6E3FDD034DA /* Pods-AreTheyGoodNBA.debug.xcconfig */ = {isa = PBXFileReference; includeInIndex = 1; lastKnownFileType = text.xcconfig; name = "Pods-AreTheyGoodNBA.debug.xcconfig"; path = "Pods/Target Support Files/Pods-AreTheyGoodNBA/Pods-AreTheyGoodNBA.debug.xcconfig"; sourceTree = "<group>"; };
/* End PBXFileReference section */

/* Begin PBXFrameworksBuildPhase section */
		974437072050ACB6008BE29A /* Frameworks */ = {
			isa = PBXFrameworksBuildPhase;
			buildActionMask = 2147483647;
			files = (
				ABD77877328B2C0B9F1C3DE8 /* Pods_AreTheyGoodNBA.framework in Frameworks */,
			);
			runOnlyForDeploymentPostprocessing = 0;
		};
/* End PBXFrameworksBuildPhase section */

/* Begin PBXGroup section */
		17623241758F3D6DFF5B15FE /* Pods */ = {
			isa = PBXGroup;
			children = (
				CE67E05E0859F6E3FDD034DA /* Pods-AreTheyGoodNBA.debug.xcconfig */,
				868531CF5E24C016E5C0A889 /* Pods-AreTheyGoodNBA.release.xcconfig */,
			);
			name = Pods;
			sourceTree = "<group>";
		};
		53025390B8AE07EEE1F774B1 /* Frameworks */ = {
			isa = PBXGroup;
			children = (
				B5F0F16AEAC2983148A95498 /* Pods_AreTheyGoodNBA.framework */,
			);
			name = Frameworks;
			sourceTree = "<group>";
		};
		974437012050ACB6008BE29A = {
			isa = PBXGroup;
			children = (
				9744370C2050ACB6008BE29A /* AreTheyGoodNBA */,
				9744370B2050ACB6008BE29A /* Products */,
				17623241758F3D6DFF5B15FE /* Pods */,
				53025390B8AE07EEE1F774B1 /* Frameworks */,
			);
			sourceTree = "<group>";
		};
		9744370B2050ACB6008BE29A /* Products */ = {
			isa = PBXGroup;
			children = (
				9744370A2050ACB6008BE29A /* AreTheyGoodNBA.app */,
			);
			name = Products;
			sourceTree = "<group>";
		};
		9744370C2050ACB6008BE29A /* AreTheyGoodNBA */ = {
			isa = PBXGroup;
			children = (
				974437252054E8E8008BE29A /* Services */,
				9744371F2054A7B1008BE29A /* Model */,
				974437202054A7BB008BE29A /* View */,
				974437212054A7CB008BE29A /* Controller */,
				974437222054A7E0008BE29A /* Extension */,
				9744370D2050ACB6008BE29A /* AppDelegate.swift */,
				974437112050ACB6008BE29A /* Main.storyboard */,
				974437142050ACB6008BE29A /* Assets.xcassets */,
				974437162050ACB6008BE29A /* LaunchScreen.storyboard */,
				974437192050ACB6008BE29A /* Info.plist */,
				974437232054A9B1008BE29A /* Constants.swift */,
			);
			path = AreTheyGoodNBA;
			sourceTree = "<group>";
		};
		9744371F2054A7B1008BE29A /* Model */ = {
			isa = PBXGroup;
			children = (
				97A6B7AE205B7DCB00EA31E7 /* Player.swift */,
				97A6B7B2205C7B6E00EA31E7 /* TradStats.swift */,
				972E167C206468FE001B27EE /* AdvStats.swift */,
				97A6B7B0205B7DEE00EA31E7 /* Team.swift */,
				9731443E2066E2E400D357AE /* League.swift */,
			);
			path = Model;
			sourceTree = "<group>";
		};
		974437202054A7BB008BE29A /* View */ = {
			isa = PBXGroup;
			children = (
			);
			path = View;
			sourceTree = "<group>";
		};
		974437212054A7CB008BE29A /* Controller */ = {
			isa = PBXGroup;
			children = (
				9744370F2050ACB6008BE29A /* MainVC.swift */,
				97261E0520716DAD00316F52 /* PlayerStatsVC.swift */,
				97261E0720716E9C00316F52 /* TeamStatsVC.swift */,
			);
			path = Controller;
			sourceTree = "<group>";
		};
		974437222054A7E0008BE29A /* Extension */ = {
			isa = PBXGroup;
			children = (
			);
			path = Extension;
			sourceTree = "<group>";
		};
		974437252054E8E8008BE29A /* Services */ = {
			isa = PBXGroup;
			children = (
				974437262054E930008BE29A /* WebService.swift */,
			);
			path = Services;
			sourceTree = "<group>";
		};
/* End PBXGroup section */

/* Begin PBXNativeTarget section */
		974437092050ACB6008BE29A /* AreTheyGoodNBA */ = {
			isa = PBXNativeTarget;
			buildConfigurationList = 9744371C2050ACB6008BE29A /* Build configuration list for PBXNativeTarget "AreTheyGoodNBA" */;
			buildPhases = (
				61BD8C913EDFAB2CD20F2C3B /* [CP] Check Pods Manifest.lock */,
				974437062050ACB6008BE29A /* Sources */,
				974437072050ACB6008BE29A /* Frameworks */,
				974437082050ACB6008BE29A /* Resources */,
				F371233DF0C4655ABC525164 /* [CP] Embed Pods Frameworks */,
				DB602769E5E5FAE2D8C10CF4 /* [CP] Copy Pods Resources */,
			);
			buildRules = (
			);
			dependencies = (
			);
			name = AreTheyGoodNBA;
			productName = AreTheyGoodNBA;
			productReference = 9744370A2050ACB6008BE29A /* AreTheyGoodNBA.app */;
			productType = "com.apple.product-type.application";
		};
/* End PBXNativeTarget section */

/* Begin PBXProject section */
		974437022050ACB6008BE29A /* Project object */ = {
			isa = PBXProject;
			attributes = {
				LastSwiftUpdateCheck = 0920;
				LastUpgradeCheck = 0920;
				ORGANIZATIONNAME = "Seth Skocelas";
				TargetAttributes = {
					974437092050ACB6008BE29A = {
						CreatedOnToolsVersion = 9.2;
						ProvisioningStyle = Automatic;
					};
				};
			};
			buildConfigurationList = 974437052050ACB6008BE29A /* Build configuration list for PBXProject "AreTheyGoodNBA" */;
			compatibilityVersion = "Xcode 8.0";
			developmentRegion = en;
			hasScannedForEncodings = 0;
			knownRegions = (
				en,
				Base,
			);
			mainGroup = 974437012050ACB6008BE29A;
			productRefGroup = 9744370B2050ACB6008BE29A /* Products */;
			projectDirPath = "";
			projectRoot = "";
			targets = (
				974437092050ACB6008BE29A /* AreTheyGoodNBA */,
			);
		};
/* End PBXProject section */

/* Begin PBXResourcesBuildPhase section */
		974437082050ACB6008BE29A /* Resources */ = {
			isa = PBXResourcesBuildPhase;
			buildActionMask = 2147483647;
			files = (
				974437182050ACB6008BE29A /* LaunchScreen.storyboard in Resources */,
				974437152050ACB6008BE29A /* Assets.xcassets in Resources */,
				974437132050ACB6008BE29A /* Main.storyboard in Resources */,
			);
			runOnlyForDeploymentPostprocessing = 0;
		};
/* End PBXResourcesBuildPhase section */

/* Begin PBXShellScriptBuildPhase section */
		61BD8C913EDFAB2CD20F2C3B /* [CP] Check Pods Manifest.lock */ = {
			isa = PBXShellScriptBuildPhase;
			buildActionMask = 2147483647;
			files = (
			);
			inputPaths = (
				"${PODS_PODFILE_DIR_PATH}/Podfile.lock",
				"${PODS_ROOT}/Manifest.lock",
			);
			name = "[CP] Check Pods Manifest.lock";
			outputPaths = (
				"$(DERIVED_FILE_DIR)/Pods-AreTheyGoodNBA-checkManifestLockResult.txt",
			);
			runOnlyForDeploymentPostprocessing = 0;
			shellPath = /bin/sh;
			shellScript = "diff \"${PODS_PODFILE_DIR_PATH}/Podfile.lock\" \"${PODS_ROOT}/Manifest.lock\" > /dev/null\nif [ $? != 0 ] ; then\n    # print error to STDERR\n    echo \"error: The sandbox is not in sync with the Podfile.lock. Run 'pod install' or update your CocoaPods installation.\" >&2\n    exit 1\nfi\n# This output is used by Xcode 'outputs' to avoid re-running this script phase.\necho \"SUCCESS\" > \"${SCRIPT_OUTPUT_FILE_0}\"\n";
			showEnvVarsInLog = 0;
		};
		DB602769E5E5FAE2D8C10CF4 /* [CP] Copy Pods Resources */ = {
			isa = PBXShellScriptBuildPhase;
			buildActionMask = 2147483647;
			files = (
			);
			inputPaths = (
			);
			name = "[CP] Copy Pods Resources";
			outputPaths = (
			);
			runOnlyForDeploymentPostprocessing = 0;
			shellPath = /bin/sh;
			shellScript = "\"${SRCROOT}/Pods/Target Support Files/Pods-AreTheyGoodNBA/Pods-AreTheyGoodNBA-resources.sh\"\n";
			showEnvVarsInLog = 0;
		};
		F371233DF0C4655ABC525164 /* [CP] Embed Pods Frameworks */ = {
			isa = PBXShellScriptBuildPhase;
			buildActionMask = 2147483647;
			files = (
			);
			inputPaths = (
				"${SRCROOT}/Pods/Target Support Files/Pods-AreTheyGoodNBA/Pods-AreTheyGoodNBA-frameworks.sh",
				"${BUILT_PRODUCTS_DIR}/Alamofire/Alamofire.framework",
			);
			name = "[CP] Embed Pods Frameworks";
			outputPaths = (
				"${TARGET_BUILD_DIR}/${FRAMEWORKS_FOLDER_PATH}/Alamofire.framework",
			);
			runOnlyForDeploymentPostprocessing = 0;
			shellPath = /bin/sh;
			shellScript = "\"${SRCROOT}/Pods/Target Support Files/Pods-AreTheyGoodNBA/Pods-AreTheyGoodNBA-frameworks.sh\"\n";
			showEnvVarsInLog = 0;
		};
/* End PBXShellScriptBuildPhase section */

/* Begin PBXSourcesBuildPhase section */
		974437062050ACB6008BE29A /* Sources */ = {
			isa = PBXSourcesBuildPhase;
			buildActionMask = 2147483647;
			files = (
				97261E0820716E9C00316F52 /* TeamStatsVC.swift in Sources */,
				97A6B7B1205B7DEE00EA31E7 /* Team.swift in Sources */,
				97261E0620716DAD00316F52 /* PlayerStatsVC.swift in Sources */,
				9731443F2066E2E400D357AE /* League.swift in Sources */,
				97A6B7B3205C7B6E00EA31E7 /* TradStats.swift in Sources */,
				974437102050ACB6008BE29A /* MainVC.swift in Sources */,
				9744370E2050ACB6008BE29A /* AppDelegate.swift in Sources */,
				974437272054E930008BE29A /* WebService.swift in Sources */,
				97A6B7AF205B7DCB00EA31E7 /* Player.swift in Sources */,
				972E167D206468FE001B27EE /* AdvStats.swift in Sources */,
				974437242054A9B1008BE29A /* Constants.swift in Sources */,
			);
			runOnlyForDeploymentPostprocessing = 0;
		};
/* End PBXSourcesBuildPhase section */

/* Begin PBXVariantGroup section */
		974437112050ACB6008BE29A /* Main.storyboard */ = {
			isa = PBXVariantGroup;
			children = (
				974437122050ACB6008BE29A /* Base */,
			);
			name = Main.storyboard;
			sourceTree = "<group>";
		};
		974437162050ACB6008BE29A /* LaunchScreen.storyboard */ = {
			isa = PBXVariantGroup;
			children = (
				974437172050ACB6008BE29A /* Base */,
			);
			name = LaunchScreen.storyboard;
			sourceTree = "<group>";
		};
/* End PBXVariantGroup section */

/* Begin XCBuildConfiguration section */
		9744371A2050ACB6008BE29A /* Debug */ = {
			isa = XCBuildConfiguration;
			buildSettings = {
				ALWAYS_SEARCH_USER_PATHS = NO;
				CLANG_ANALYZER_NONNULL = YES;
				CLANG_ANALYZER_NUMBER_OBJECT_CONVERSION = YES_AGGRESSIVE;
				CLANG_CXX_LANGUAGE_STANDARD = "gnu++14";
				CLANG_CXX_LIBRARY = "libc++";
				CLANG_ENABLE_MODULES = YES;
				CLANG_ENABLE_OBJC_ARC = YES;
				CLANG_WARN_BLOCK_CAPTURE_AUTORELEASING = YES;
				CLANG_WARN_BOOL_CONVERSION = YES;
				CLANG_WARN_COMMA = YES;
				CLANG_WARN_CONSTANT_CONVERSION = YES;
				CLANG_WARN_DIRECT_OBJC_ISA_USAGE = YES_ERROR;
				CLANG_WARN_DOCUMENTATION_COMMENTS = YES;
				CLANG_WARN_EMPTY_BODY = YES;
				CLANG_WARN_ENUM_CONVERSION = YES;
				CLANG_WARN_INFINITE_RECURSION = YES;
				CLANG_WARN_INT_CONVERSION = YES;
				CLANG_WARN_NON_LITERAL_NULL_CONVERSION = YES;
				CLANG_WARN_OBJC_LITERAL_CONVERSION = YES;
				CLANG_WARN_OBJC_ROOT_CLASS = YES_ERROR;
				CLANG_WARN_RANGE_LOOP_ANALYSIS = YES;
				CLANG_WARN_STRICT_PROTOTYPES = YES;
				CLANG_WARN_SUSPICIOUS_MOVE = YES;
				CLANG_WARN_UNGUARDED_AVAILABILITY = YES_AGGRESSIVE;
				CLANG_WARN_UNREACHABLE_CODE = YES;
				CLANG_WARN__DUPLICATE_METHOD_MATCH = YES;
				CODE_SIGN_IDENTITY = "iPhone Developer";
				COPY_PHASE_STRIP = NO;
				DEBUG_INFORMATION_FORMAT = dwarf;
				ENABLE_STRICT_OBJC_MSGSEND = YES;
				ENABLE_TESTABILITY = YES;
				GCC_C_LANGUAGE_STANDARD = gnu11;
				GCC_DYNAMIC_NO_PIC = NO;
				GCC_NO_COMMON_BLOCKS = YES;
				GCC_OPTIMIZATION_LEVEL = 0;
				GCC_PREPROCESSOR_DEFINITIONS = (
					"DEBUG=1",
					"$(inherited)",
				);
				GCC_WARN_64_TO_32_BIT_CONVERSION = YES;
				GCC_WARN_ABOUT_RETURN_TYPE = YES_ERROR;
				GCC_WARN_UNDECLARED_SELECTOR = YES;
				GCC_WARN_UNINITIALIZED_AUTOS = YES_AGGRESSIVE;
				GCC_WARN_UNUSED_FUNCTION = YES;
				GCC_WARN_UNUSED_VARIABLE = YES;
				IPHONEOS_DEPLOYMENT_TARGET = 11.2;
				MTL_ENABLE_DEBUG_INFO = YES;
				ONLY_ACTIVE_ARCH = YES;
				SDKROOT = iphoneos;
				SWIFT_ACTIVE_COMPILATION_CONDITIONS = DEBUG;
				SWIFT_OPTIMIZATION_LEVEL = "-Onone";
			};
			name = Debug;
		};
		9744371B2050ACB6008BE29A /* Release */ = {
			isa = XCBuildConfiguration;
			buildSettings = {
				ALWAYS_SEARCH_USER_PATHS = NO;
				CLANG_ANALYZER_NONNULL = YES;
				CLANG_ANALYZER_NUMBER_OBJECT_CONVERSION = YES_AGGRESSIVE;
				CLANG_CXX_LANGUAGE_STANDARD = "gnu++14";
				CLANG_CXX_LIBRARY = "libc++";
				CLANG_ENABLE_MODULES = YES;
				CLANG_ENABLE_OBJC_ARC = YES;
				CLANG_WARN_BLOCK_CAPTURE_AUTORELEASING = YES;
				CLANG_WARN_BOOL_CONVERSION = YES;
				CLANG_WARN_COMMA = YES;
				CLANG_WARN_CONSTANT_CONVERSION = YES;
				CLANG_WARN_DIRECT_OBJC_ISA_USAGE = YES_ERROR;
				CLANG_WARN_DOCUMENTATION_COMMENTS = YES;
				CLANG_WARN_EMPTY_BODY = YES;
				CLANG_WARN_ENUM_CONVERSION = YES;
				CLANG_WARN_INFINITE_RECURSION = YES;
				CLANG_WARN_INT_CONVERSION = YES;
				CLANG_WARN_NON_LITERAL_NULL_CONVERSION = YES;
				CLANG_WARN_OBJC_LITERAL_CONVERSION = YES;
				CLANG_WARN_OBJC_ROOT_CLASS = YES_ERROR;
				CLANG_WARN_RANGE_LOOP_ANALYSIS = YES;
				CLANG_WARN_STRICT_PROTOTYPES = YES;
				CLANG_WARN_SUSPICIOUS_MOVE = YES;
				CLANG_WARN_UNGUARDED_AVAILABILITY = YES_AGGRESSIVE;
				CLANG_WARN_UNREACHABLE_CODE = YES;
				CLANG_WARN__DUPLICATE_METHOD_MATCH = YES;
				CODE_SIGN_IDENTITY = "iPhone Developer";
				COPY_PHASE_STRIP = NO;
				DEBUG_INFORMATION_FORMAT = "dwarf-with-dsym";
				ENABLE_NS_ASSERTIONS = NO;
				ENABLE_STRICT_OBJC_MSGSEND = YES;
				GCC_C_LANGUAGE_STANDARD = gnu11;
				GCC_NO_COMMON_BLOCKS = YES;
				GCC_WARN_64_TO_32_BIT_CONVERSION = YES;
				GCC_WARN_ABOUT_RETURN_TYPE = YES_ERROR;
				GCC_WARN_UNDECLARED_SELECTOR = YES;
				GCC_WARN_UNINITIALIZED_AUTOS = YES_AGGRESSIVE;
				GCC_WARN_UNUSED_FUNCTION = YES;
				GCC_WARN_UNUSED_VARIABLE = YES;
				IPHONEOS_DEPLOYMENT_TARGET = 11.2;
				MTL_ENABLE_DEBUG_INFO = NO;
				SDKROOT = iphoneos;
				SWIFT_OPTIMIZATION_LEVEL = "-Owholemodule";
				VALIDATE_PRODUCT = YES;
			};
			name = Release;
		};
		9744371D2050ACB6008BE29A /* Debug */ = {
			isa = XCBuildConfiguration;
			baseConfigurationReference = CE67E05E0859F6E3FDD034DA /* Pods-AreTheyGoodNBA.debug.xcconfig */;
			buildSettings = {
				ASSETCATALOG_COMPILER_APPICON_NAME = AppIcon;
				CODE_SIGN_STYLE = Automatic;
				DEVELOPMENT_TEAM = 4W62KDSXT4;
				INFOPLIST_FILE = AreTheyGoodNBA/Info.plist;
				LD_RUNPATH_SEARCH_PATHS = "$(inherited) @executable_path/Frameworks";
				PRODUCT_BUNDLE_IDENTIFIER = com.sjs.AreTheyGoodNBA;
				PRODUCT_NAME = "$(TARGET_NAME)";
				SWIFT_VERSION = 4.0;
				TARGETED_DEVICE_FAMILY = "1,2";
			};
			name = Debug;
		};
		9744371E2050ACB6008BE29A /* Release */ = {
			isa = XCBuildConfiguration;
			baseConfigurationReference = 868531CF5E24C016E5C0A889 /* Pods-AreTheyGoodNBA.release.xcconfig */;
			buildSettings = {
				ASSETCATALOG_COMPILER_APPICON_NAME = AppIcon;
				CODE_SIGN_STYLE = Automatic;
				DEVELOPMENT_TEAM = 4W62KDSXT4;
				INFOPLIST_FILE = AreTheyGoodNBA/Info.plist;
				LD_RUNPATH_SEARCH_PATHS = "$(inherited) @executable_path/Frameworks";
				PRODUCT_BUNDLE_IDENTIFIER = com.sjs.AreTheyGoodNBA;
				PRODUCT_NAME = "$(TARGET_NAME)";
				SWIFT_VERSION = 4.0;
				TARGETED_DEVICE_FAMILY = "1,2";
			};
			name = Release;
		};
/* End XCBuildConfiguration section */

/* Begin XCConfigurationList section */
		974437052050ACB6008BE29A /* Build configuration list for PBXProject "AreTheyGoodNBA" */ = {
			isa = XCConfigurationList;
			buildConfigurations = (
				9744371A2050ACB6008BE29A /* Debug */,
				9744371B2050ACB6008BE29A /* Release */,
			);
			defaultConfigurationIsVisible = 0;
			defaultConfigurationName = Release;
		};
		9744371C2050ACB6008BE29A /* Build configuration list for PBXNativeTarget "AreTheyGoodNBA" */ = {
			isa = XCConfigurationList;
			buildConfigurations = (
				9744371D2050ACB6008BE29A /* Debug */,
				9744371E2050ACB6008BE29A /* Release */,
			);
			defaultConfigurationIsVisible = 0;
			defaultConfigurationName = Release;
		};
/* End XCConfigurationList section */
	};
	rootObject = 974437022050ACB6008BE29A /* Project object */;
}
